
Microsoft Visual Studio Solution File, Format Version 12.00
# Visual Studio Version 17
VisualStudioVersion = 17.5.33424.131
MinimumVisualStudioVersion = 10.0.40219.1
Project("{FAE04EC0-301F-11D3-BF4B-00C04F79EFBC}") = "4.33", "4.33\4.33.csproj", "{9B9F5A12-A2FD-4692-9EED-3D5A7118710C}"
EndProject
Global
	GlobalSection(SolutionConfigurationPlatforms) = preSolution
		Debug|Any CPU = Debug|Any CPU
		Release|Any CPU = Release|Any CPU
	EndGlobalSection
	GlobalSection(ProjectConfigurationPlatforms) = postSolution
		{9B9F5A12-A2FD-4692-9EED-3D5A7118710C}.Debug|Any CPU.ActiveCfg = Debug|Any CPU
		{9B9F5A12-A2FD-4692-9EED-3D5A7118710C}.Debug|Any CPU.Build.0 = Debug|Any CPU
		{9B9F5A12-A2FD-4692-9EED-3D5A7118710C}.Release|Any CPU.ActiveCfg = Release|Any CPU
		{9B9F5A12-A2FD-4692-9EED-3D5A7118710C}.Release|Any CPU.Build.0 = Release|Any CPU
	EndGlobalSection
	GlobalSection(SolutionProperties) = preSolution
		HideSolutionNode = FALSE
	EndGlobalSection
	GlobalSection(ExtensibilityGlobals) = postSolution
		SolutionGuid = {EC54393C-3CA8-414E-9784-77D28247DD3E}
	EndGlobalSection
EndGlobal
